
Microsoft Visual Studio Solution File, Format Version 12.00
# Visual Studio Version 17
VisualStudioVersion = 17.10.35013.160
MinimumVisualStudioVersion = 10.0.40219.1
Project("{FAE04EC0-301F-11D3-BF4B-00C04F79EFBC}") = "PatikaWeek4PracticeConstructor", "PatikaWeek4PracticeConstructor\PatikaWeek4PracticeConstructor.csproj", "{5BAD47F9-143C-4F0D-8928-F393CCCB04AD}"
EndProject
Global
	GlobalSection(SolutionConfigurationPlatforms) = preSolution
		Debug|Any CPU = Debug|Any CPU
		Release|Any CPU = Release|Any CPU
	EndGlobalSection
	GlobalSection(ProjectConfigurationPlatforms) = postSolution
		{5BAD47F9-143C-4F0D-8928-F393CCCB04AD}.Debug|Any CPU.ActiveCfg = Debug|Any CPU
		{5BAD47F9-143C-4F0D-8928-F393CCCB04AD}.Debug|Any CPU.Build.0 = Debug|Any CPU
		{5BAD47F9-143C-4F0D-8928-F393CCCB04AD}.Release|Any CPU.ActiveCfg = Release|Any CPU
		{5BAD47F9-143C-4F0D-8928-F393CCCB04AD}.Release|Any CPU.Build.0 = Release|Any CPU
	EndGlobalSection
	GlobalSection(SolutionProperties) = preSolution
		HideSolutionNode = FALSE
	EndGlobalSection
	GlobalSection(ExtensibilityGlobals) = postSolution
		SolutionGuid = {F4352AA0-86FD-422E-9156-4D98CDEFA002}
	EndGlobalSection
EndGlobal
